{
  "nodes": {
    "home-manager": {
      "inputs": {
        "nixpkgs": "nixpkgs"
      },
      "locked": {
        "lastModified": 1717476296,
        "narHash": "sha256-ScHe38Tr+TxGURC17kby4mIIxOG3aJvZWXzPM79UnEk=",
        "owner": "nix-community",
        "repo": "home-manager",
        "rev": "095ef64aa3b2ab4a4f1bf07f29997e21e3a5576a",
        "type": "github"
      },
      "original": {
        "owner": "nix-community",
        "ref": "release-23.11",
        "repo": "home-manager",
        "type": "github"
      }
    },
    "nixpkgs": {
      "locked": {
        "lastModified": 1705331948,
        "narHash": "sha256-qjQXfvrAT1/RKDFAMdl8Hw3m4tLVvMCc8fMqzJv0pP4=",
        "owner": "NixOS",
        "repo": "nixpkgs",
        "rev": "b8dd8be3c790215716e7c12b247f45ca525867e2",
        "type": "github"
      },
      "original": {
        "owner": "NixOS",
        "ref": "nixos-23.11",
        "repo": "nixpkgs",
        "type": "github"
      }
    },
    "nixpkgs-stable": {
      "locked": {
        "lastModified": 1717265169,
        "narHash": "sha256-IITcGd6xpNoyq9SZBigCkv4+qMHSqot0RDPR4xsZ2CA=",
        "owner": "NixOS",
        "repo": "nixpkgs",
        "rev": "3b1b4895b2c5f9f5544d02132896aeb9ceea77bc",
        "type": "github"
      },
      "original": {
        "owner": "NixOS",
        "ref": "release-23.11",
        "repo": "nixpkgs",
        "type": "github"
      }
    },
    "nixpkgs-unstable": {
      "locked": {
        "lastModified": 1717602782,
        "narHash": "sha256-pL9jeus5QpX5R+9rsp3hhZ+uplVHscNJh8n8VpqscM0=",
        "owner": "NixOS",
        "repo": "nixpkgs",
        "rev": "e8057b67ebf307f01bdcc8fba94d94f75039d1f6",
        "type": "github"
      },
      "original": {
        "owner": "NixOS",
        "ref": "nixos-unstable",
        "repo": "nixpkgs",
        "type": "github"
      }
    },
    "nixpkgs_2": {
      "locked": {
        "lastModified": 1717530100,
        "narHash": "sha256-b4Dn+PnrZoVZ/BoR9JN2fTxXxplJrAsdSUIePf4Cacs=",
        "owner": "NixOS",
        "repo": "nixpkgs",
        "rev": "a2e1d0414259a144ebdc048408a807e69e0565af",
        "type": "github"
      },
      "original": {
        "owner": "NixOS",
        "ref": "nixos-23.11",
        "repo": "nixpkgs",
        "type": "github"
      }
    },
    "nixpkgs_3": {
      "locked": {
        "lastModified": 1717112898,
        "narHash": "sha256-7R2ZvOnvd9h8fDd65p0JnB7wXfUvreox3xFdYWd1BnY=",
        "owner": "NixOS",
        "repo": "nixpkgs",
        "rev": "6132b0f6e344ce2fe34fc051b72fb46e34f668e0",
        "type": "github"
      },
      "original": {
        "owner": "NixOS",
        "ref": "nixpkgs-unstable",
        "repo": "nixpkgs",
        "type": "github"
      }
    },
    "nur": {
      "locked": {
        "lastModified": 1717691888,
        "narHash": "sha256-YbIJbbPrKWhjM+ZvPelG/iDfSU3/qwPOI3vAIi+lFYI=",
        "owner": "nix-community",
        "repo": "NUR",
        "rev": "4266b44cd241e3d2baf38bdbe8ce1254defcee6f",
        "type": "github"
      },
      "original": {
        "owner": "nix-community",
        "repo": "NUR",
        "type": "github"
      }
    },
    "root": {
      "inputs": {
        "home-manager": "home-manager",
        "nixpkgs": "nixpkgs_2",
        "nixpkgs-unstable": "nixpkgs-unstable",
        "nur": "nur",
        "sops-nix": "sops-nix"
      }
    },
    "sops-nix": {
      "inputs": {
        "nixpkgs": "nixpkgs_3",
        "nixpkgs-stable": "nixpkgs-stable"
      },
      "locked": {
        "lastModified": 1717455931,
        "narHash": "sha256-8Q6mKSsto8gaGczXd4G0lvawdAYLa5Dlh3/g4hl5CaM=",
        "owner": "Mic92",
        "repo": "sops-nix",
        "rev": "d4555e80d80d2fa77f0a44201ca299f9602492a0",
        "type": "github"
      },
      "original": {
        "owner": "Mic92",
        "repo": "sops-nix",
        "type": "github"
      }
    }
  },
  "root": "root",
  "version": 7
}
